
Microsoft Visual Studio Solution File, Format Version 12.00
# Visual Studio Version 17
VisualStudioVersion = 17.12.35527.113 d17.12
MinimumVisualStudioVersion = 10.0.40219.1
Project("{FAE04EC0-301F-11D3-BF4B-00C04F79EFBC}") = "DJES", "DJES\DJES.csproj", "{538D0616-9FD2-40B3-8704-33147020BDE5}"
EndProject
Project("{FAE04EC0-301F-11D3-BF4B-00C04F79EFBC}") = "EnterandExit", "..\Enterandexit\Enterandexit\EnterandExit.csproj", "{0BC73B49-363F-42C4-A678-59927D7E8071}"
EndProject
Global
	GlobalSection(SolutionConfigurationPlatforms) = preSolution
		Debug|Any CPU = Debug|Any CPU
		Release|Any CPU = Release|Any CPU
	EndGlobalSection
	GlobalSection(ProjectConfigurationPlatforms) = postSolution
		{538D0616-9FD2-40B3-8704-33147020BDE5}.Debug|Any CPU.ActiveCfg = Debug|Any CPU
		{538D0616-9FD2-40B3-8704-33147020BDE5}.Debug|Any CPU.Build.0 = Debug|Any CPU
		{538D0616-9FD2-40B3-8704-33147020BDE5}.Release|Any CPU.ActiveCfg = Release|Any CPU
		{538D0616-9FD2-40B3-8704-33147020BDE5}.Release|Any CPU.Build.0 = Release|Any CPU
		{0BC73B49-363F-42C4-A678-59927D7E8071}.Debug|Any CPU.ActiveCfg = Debug|Any CPU
		{0BC73B49-363F-42C4-A678-59927D7E8071}.Debug|Any CPU.Build.0 = Debug|Any CPU
		{0BC73B49-363F-42C4-A678-59927D7E8071}.Release|Any CPU.ActiveCfg = Release|Any CPU
		{0BC73B49-363F-42C4-A678-59927D7E8071}.Release|Any CPU.Build.0 = Release|Any CPU
	EndGlobalSection
	GlobalSection(SolutionProperties) = preSolution
		HideSolutionNode = FALSE
	EndGlobalSection
EndGlobal
